
Microsoft Visual Studio Solution File, Format Version 12.00
# Visual Studio Version 16
VisualStudioVersion = 16.0.30611.23
MinimumVisualStudioVersion = 10.0.40219.1
Project("{FAE04EC0-301F-11D3-BF4B-00C04F79EFBC}") = "SpecialPythagoreanTriplet", "SpecialPythagoreanTriplet.csproj", "{0732FDEE-F257-4344-A668-FF0C5A96FA27}"
EndProject
Global
	GlobalSection(SolutionConfigurationPlatforms) = preSolution
		Debug|Any CPU = Debug|Any CPU
		Release|Any CPU = Release|Any CPU
	EndGlobalSection
	GlobalSection(ProjectConfigurationPlatforms) = postSolution
		{0732FDEE-F257-4344-A668-FF0C5A96FA27}.Debug|Any CPU.ActiveCfg = Debug|Any CPU
		{0732FDEE-F257-4344-A668-FF0C5A96FA27}.Debug|Any CPU.Build.0 = Debug|Any CPU
		{0732FDEE-F257-4344-A668-FF0C5A96FA27}.Release|Any CPU.ActiveCfg = Release|Any CPU
		{0732FDEE-F257-4344-A668-FF0C5A96FA27}.Release|Any CPU.Build.0 = Release|Any CPU
	EndGlobalSection
	GlobalSection(SolutionProperties) = preSolution
		HideSolutionNode = FALSE
	EndGlobalSection
	GlobalSection(ExtensibilityGlobals) = postSolution
		SolutionGuid = {288F37DC-E57D-4881-9142-C2D767B5FB06}
	EndGlobalSection
EndGlobal
