
Microsoft Visual Studio Solution File, Format Version 12.00
# Visual Studio Version 16
VisualStudioVersion = 16.0.30611.23
MinimumVisualStudioVersion = 10.0.40219.1
Project("{FAE04EC0-301F-11D3-BF4B-00C04F79EFBC}") = "LargestPrimeFactor", "LargestPrimeFactor.csproj", "{B99B16D4-AE22-4029-9080-4E34DE291911}"
EndProject
Global
	GlobalSection(SolutionConfigurationPlatforms) = preSolution
		Debug|Any CPU = Debug|Any CPU
		Release|Any CPU = Release|Any CPU
	EndGlobalSection
	GlobalSection(ProjectConfigurationPlatforms) = postSolution
		{B99B16D4-AE22-4029-9080-4E34DE291911}.Debug|Any CPU.ActiveCfg = Debug|Any CPU
		{B99B16D4-AE22-4029-9080-4E34DE291911}.Debug|Any CPU.Build.0 = Debug|Any CPU
		{B99B16D4-AE22-4029-9080-4E34DE291911}.Release|Any CPU.ActiveCfg = Release|Any CPU
		{B99B16D4-AE22-4029-9080-4E34DE291911}.Release|Any CPU.Build.0 = Release|Any CPU
	EndGlobalSection
	GlobalSection(SolutionProperties) = preSolution
		HideSolutionNode = FALSE
	EndGlobalSection
	GlobalSection(ExtensibilityGlobals) = postSolution
		SolutionGuid = {E3C01E15-A07B-4D76-9896-109DFB1868D5}
	EndGlobalSection
EndGlobal
